
Microsoft Visual Studio Solution File, Format Version 12.00
# Visual Studio Version 17
VisualStudioVersion = 17.6.33712.159
MinimumVisualStudioVersion = 10.0.40219.1
Project("{2150E333-8FDC-42A3-9474-1A3956D46DE8}") = "ApiGateways", "ApiGateways", "{FD696ADA-3554-44F3-B3B1-B3B66F4FB009}"
EndProject
Project("{2150E333-8FDC-42A3-9474-1A3956D46DE8}") = "Services", "Services", "{66CE174D-0FBE-42F1-9F60-64B5C08A9DCE}"
EndProject
Project("{2150E333-8FDC-42A3-9474-1A3956D46DE8}") = "WebApps", "WebApps", "{57649D25-A570-4B8A-BAB1-10564F0284C7}"
EndProject
Project("{2150E333-8FDC-42A3-9474-1A3956D46DE8}") = "StoreInfo", "StoreInfo", "{8B93FFC6-0C4D-4A85-A325-223A17FD3A34}"
EndProject
Project("{2150E333-8FDC-42A3-9474-1A3956D46DE8}") = "StockData", "StockData", "{60D5EACC-2A7A-4486-A875-86A3DA08B1D5}"
EndProject
Project("{2150E333-8FDC-42A3-9474-1A3956D46DE8}") = "Common", "Common", "{9A5A08CA-7FD5-43FB-8215-362827D86083}"
EndProject
Project("{9A19103F-16F7-4668-BE54-9A1E7A4F7556}") = "StoreInfo.Api", "StoreInfo.Api\StoreInfo.Api.csproj", "{27730421-F5EB-4B5E-8D43-93A75855CC4C}"
EndProject
Project("{9A19103F-16F7-4668-BE54-9A1E7A4F7556}") = "Services.Common", "Services.Common\Services.Common.csproj", "{5455C144-2DC2-4D8A-A601-BA347CF6BD0B}"
EndProject
Project("{9A19103F-16F7-4668-BE54-9A1E7A4F7556}") = "StockData.Api", "StockData.Api\StockData.Api.csproj", "{FF14BE02-EE8F-485B-A6B1-977F3ECDF34A}"
EndProject
Project("{9A19103F-16F7-4668-BE54-9A1E7A4F7556}") = "WebApp.Blazor", "WebApp.Blazor\WebApp.Blazor.csproj", "{7D2B8406-577C-491D-9B2B-648E4B3ED42C}"
EndProject
Project("{9A19103F-16F7-4668-BE54-9A1E7A4F7556}") = "ApiGateway", "ApiGateway\ApiGateway.csproj", "{F0B4F47B-BF87-4073-9BCE-C4D85008C904}"
EndProject
Global
	GlobalSection(SolutionConfigurationPlatforms) = preSolution
		Debug|Any CPU = Debug|Any CPU
		Release|Any CPU = Release|Any CPU
	EndGlobalSection
	GlobalSection(ProjectConfigurationPlatforms) = postSolution
		{27730421-F5EB-4B5E-8D43-93A75855CC4C}.Debug|Any CPU.ActiveCfg = Debug|Any CPU
		{27730421-F5EB-4B5E-8D43-93A75855CC4C}.Debug|Any CPU.Build.0 = Debug|Any CPU
		{27730421-F5EB-4B5E-8D43-93A75855CC4C}.Release|Any CPU.ActiveCfg = Release|Any CPU
		{27730421-F5EB-4B5E-8D43-93A75855CC4C}.Release|Any CPU.Build.0 = Release|Any CPU
		{5455C144-2DC2-4D8A-A601-BA347CF6BD0B}.Debug|Any CPU.ActiveCfg = Debug|Any CPU
		{5455C144-2DC2-4D8A-A601-BA347CF6BD0B}.Debug|Any CPU.Build.0 = Debug|Any CPU
		{5455C144-2DC2-4D8A-A601-BA347CF6BD0B}.Release|Any CPU.ActiveCfg = Release|Any CPU
		{5455C144-2DC2-4D8A-A601-BA347CF6BD0B}.Release|Any CPU.Build.0 = Release|Any CPU
		{FF14BE02-EE8F-485B-A6B1-977F3ECDF34A}.Debug|Any CPU.ActiveCfg = Debug|Any CPU
		{FF14BE02-EE8F-485B-A6B1-977F3ECDF34A}.Debug|Any CPU.Build.0 = Debug|Any CPU
		{FF14BE02-EE8F-485B-A6B1-977F3ECDF34A}.Release|Any CPU.ActiveCfg = Release|Any CPU
		{FF14BE02-EE8F-485B-A6B1-977F3ECDF34A}.Release|Any CPU.Build.0 = Release|Any CPU
		{7D2B8406-577C-491D-9B2B-648E4B3ED42C}.Debug|Any CPU.ActiveCfg = Debug|Any CPU
		{7D2B8406-577C-491D-9B2B-648E4B3ED42C}.Debug|Any CPU.Build.0 = Debug|Any CPU
		{7D2B8406-577C-491D-9B2B-648E4B3ED42C}.Release|Any CPU.ActiveCfg = Release|Any CPU
		{7D2B8406-577C-491D-9B2B-648E4B3ED42C}.Release|Any CPU.Build.0 = Release|Any CPU
		{F0B4F47B-BF87-4073-9BCE-C4D85008C904}.Debug|Any CPU.ActiveCfg = Debug|Any CPU
		{F0B4F47B-BF87-4073-9BCE-C4D85008C904}.Debug|Any CPU.Build.0 = Debug|Any CPU
		{F0B4F47B-BF87-4073-9BCE-C4D85008C904}.Release|Any CPU.ActiveCfg = Release|Any CPU
		{F0B4F47B-BF87-4073-9BCE-C4D85008C904}.Release|Any CPU.Build.0 = Release|Any CPU
	EndGlobalSection
	GlobalSection(SolutionProperties) = preSolution
		HideSolutionNode = FALSE
	EndGlobalSection
	GlobalSection(NestedProjects) = preSolution
		{8B93FFC6-0C4D-4A85-A325-223A17FD3A34} = {66CE174D-0FBE-42F1-9F60-64B5C08A9DCE}
		{60D5EACC-2A7A-4486-A875-86A3DA08B1D5} = {66CE174D-0FBE-42F1-9F60-64B5C08A9DCE}
		{9A5A08CA-7FD5-43FB-8215-362827D86083} = {66CE174D-0FBE-42F1-9F60-64B5C08A9DCE}
		{27730421-F5EB-4B5E-8D43-93A75855CC4C} = {8B93FFC6-0C4D-4A85-A325-223A17FD3A34}
		{5455C144-2DC2-4D8A-A601-BA347CF6BD0B} = {9A5A08CA-7FD5-43FB-8215-362827D86083}
		{FF14BE02-EE8F-485B-A6B1-977F3ECDF34A} = {60D5EACC-2A7A-4486-A875-86A3DA08B1D5}
		{7D2B8406-577C-491D-9B2B-648E4B3ED42C} = {57649D25-A570-4B8A-BAB1-10564F0284C7}
		{F0B4F47B-BF87-4073-9BCE-C4D85008C904} = {FD696ADA-3554-44F3-B3B1-B3B66F4FB009}
	EndGlobalSection
	GlobalSection(ExtensibilityGlobals) = postSolution
		SolutionGuid = {8B3F50F1-71DA-4817-9E1C-E026CA2A1A9B}
	EndGlobalSection
EndGlobal
